
Microsoft Visual Studio Solution File, Format Version 12.00
# Visual Studio Version 16
VisualStudioVersion = 16.0.31424.327
MinimumVisualStudioVersion = 10.0.40219.1
Project("{FAE04EC0-301F-11D3-BF4B-00C04F79EFBC}") = "Vehicle_Insurance_Management_Sysytem", "Vehicle_Insurance_Management_Sysytem\Vehicle_Insurance_Management_Sysytem.csproj", "{31A9F61D-9729-427A-9AB2-C5DB11DF15DD}"
EndProject
Global
	GlobalSection(SolutionConfigurationPlatforms) = preSolution
		Debug|Any CPU = Debug|Any CPU
		Release|Any CPU = Release|Any CPU
	EndGlobalSection
	GlobalSection(ProjectConfigurationPlatforms) = postSolution
		{31A9F61D-9729-427A-9AB2-C5DB11DF15DD}.Debug|Any CPU.ActiveCfg = Debug|Any CPU
		{31A9F61D-9729-427A-9AB2-C5DB11DF15DD}.Debug|Any CPU.Build.0 = Debug|Any CPU
		{31A9F61D-9729-427A-9AB2-C5DB11DF15DD}.Release|Any CPU.ActiveCfg = Release|Any CPU
		{31A9F61D-9729-427A-9AB2-C5DB11DF15DD}.Release|Any CPU.Build.0 = Release|Any CPU
	EndGlobalSection
	GlobalSection(SolutionProperties) = preSolution
		HideSolutionNode = FALSE
	EndGlobalSection
	GlobalSection(ExtensibilityGlobals) = postSolution
		SolutionGuid = {C65225C3-9CC2-4C6F-882C-CD10CC5BBB67}
	EndGlobalSection
EndGlobal
